// !$*UTF8*$!
{
	archiveVersion = 1;
	classes = {
	};
	objectVersion = 46;
	objects = {

/* Begin PBXBuildFile section */
		0513FFD87143D8A6A3640B3E /* Pods_ChatUI.framework in Frameworks */ = {isa = PBXBuildFile; fileRef = 73472615647FBD2EF7A47074 /* Pods_ChatUI.framework */; };
		1258BE2A1CB8C351001D69B6 /* ChatViewController.swift in Sources */ = {isa = PBXBuildFile; fileRef = 1258BE291CB8C351001D69B6 /* ChatViewController.swift */; };
		1258BE2C1CB8C386001D69B6 /* ChatViewCell.swift in Sources */ = {isa = PBXBuildFile; fileRef = 1258BE2B1CB8C386001D69B6 /* ChatViewCell.swift */; };
		1258BE2F1CB8C71B001D69B6 /* Transcript.swift in Sources */ = {isa = PBXBuildFile; fileRef = 1258BE2E1CB8C71B001D69B6 /* Transcript.swift */; };
		1258BE321CB8CDA9001D69B6 /* ChatToolbar.swift in Sources */ = {isa = PBXBuildFile; fileRef = 1258BE311CB8CDA9001D69B6 /* ChatToolbar.swift */; };
		125E6EF81CBD1F4B00A4226B /* ChatSessionController.swift in Sources */ = {isa = PBXBuildFile; fileRef = 125E6EF71CBD1F4B00A4226B /* ChatSessionController.swift */; };
		125E6EFA1CBD232200A4226B /* EchoServer.swift in Sources */ = {isa = PBXBuildFile; fileRef = 125E6EF91CBD232200A4226B /* EchoServer.swift */; };
		125E6EFC1CBE0FFF00A4226B /* ChatView.swift in Sources */ = {isa = PBXBuildFile; fileRef = 125E6EFB1CBE0FFF00A4226B /* ChatView.swift */; };
		128D28B51D373A4900363518 /* ChatToolbar.swift in Sources */ = {isa = PBXBuildFile; fileRef = 1258BE311CB8CDA9001D69B6 /* ChatToolbar.swift */; };
		128D28B61D373A4900363518 /* EchoServer.swift in Sources */ = {isa = PBXBuildFile; fileRef = 125E6EF91CBD232200A4226B /* EchoServer.swift */; };
		128D28B71D373A4900363518 /* ChatViewCell.swift in Sources */ = {isa = PBXBuildFile; fileRef = 1258BE2B1CB8C386001D69B6 /* ChatViewCell.swift */; };
		128D28B81D373A4900363518 /* Transcript.swift in Sources */ = {isa = PBXBuildFile; fileRef = 1258BE2E1CB8C71B001D69B6 /* Transcript.swift */; };
		128D28B91D373A4900363518 /* ChatView.swift in Sources */ = {isa = PBXBuildFile; fileRef = 125E6EFB1CBE0FFF00A4226B /* ChatView.swift */; };
		128D28BA1D373A4900363518 /* ViewController.swift in Sources */ = {isa = PBXBuildFile; fileRef = 12D1A23B1CB8BF5B00AE52BF /* ViewController.swift */; };
		128D28BB1D373A4900363518 /* ChatSessionController.swift in Sources */ = {isa = PBXBuildFile; fileRef = 125E6EF71CBD1F4B00A4226B /* ChatSessionController.swift */; };
		128D28BC1D373A4900363518 /* ChatViewController.swift in Sources */ = {isa = PBXBuildFile; fileRef = 1258BE291CB8C351001D69B6 /* ChatViewController.swift */; };
		128D28BD1D373A4900363518 /* AppDelegate.swift in Sources */ = {isa = PBXBuildFile; fileRef = 12D1A2391CB8BF5B00AE52BF /* AppDelegate.swift */; };
		128D28C01D373A4900363518 /* Realm.framework in Frameworks */ = {isa = PBXBuildFile; fileRef = 12F4876D1D36271B005421F9 /* Realm.framework */; };
		128D28C11D373A4900363518 /* RealmSwift.framework in Frameworks */ = {isa = PBXBuildFile; fileRef = 12F4876E1D36271B005421F9 /* RealmSwift.framework */; };
		128D28C21D373A4900363518 /* Pods_ChatUI.framework in Frameworks */ = {isa = PBXBuildFile; fileRef = 73472615647FBD2EF7A47074 /* Pods_ChatUI.framework */; };
		128D28C41D373A4900363518 /* LaunchScreen.storyboard in Resources */ = {isa = PBXBuildFile; fileRef = 12D1A2421CB8BF5B00AE52BF /* LaunchScreen.storyboard */; };
		128D28C51D373A4900363518 /* Assets.xcassets in Resources */ = {isa = PBXBuildFile; fileRef = 12D1A2401CB8BF5B00AE52BF /* Assets.xcassets */; };
		12D1A23A1CB8BF5B00AE52BF /* AppDelegate.swift in Sources */ = {isa = PBXBuildFile; fileRef = 12D1A2391CB8BF5B00AE52BF /* AppDelegate.swift */; };
		12D1A23C1CB8BF5B00AE52BF /* ViewController.swift in Sources */ = {isa = PBXBuildFile; fileRef = 12D1A23B1CB8BF5B00AE52BF /* ViewController.swift */; };
		12D1A2411CB8BF5B00AE52BF /* Assets.xcassets in Resources */ = {isa = PBXBuildFile; fileRef = 12D1A2401CB8BF5B00AE52BF /* Assets.xcassets */; };
		12D1A2441CB8BF5B00AE52BF /* LaunchScreen.storyboard in Resources */ = {isa = PBXBuildFile; fileRef = 12D1A2421CB8BF5B00AE52BF /* LaunchScreen.storyboard */; };
		12DA46AD1D373D4200F4CBEE /* GoogleService-Info-dev.plist in Resources */ = {isa = PBXBuildFile; fileRef = 12DA46AB1D373D4200F4CBEE /* GoogleService-Info-dev.plist */; };
		12DA46B01D373D5000F4CBEE /* GoogleService-Info-prod.plist in Resources */ = {isa = PBXBuildFile; fileRef = 12DA46AC1D373D4200F4CBEE /* GoogleService-Info-prod.plist */; };
		12DA46B21D373D5F00F4CBEE /* Info-dev.plist in Resources */ = {isa = PBXBuildFile; fileRef = 12DA46B11D373D5F00F4CBEE /* Info-dev.plist */; };
		12DA46B41D37568200F4CBEE /* GoogleService-Info.plist in Resources */ = {isa = PBXBuildFile; fileRef = 12DA46B31D37568200F4CBEE /* GoogleService-Info.plist */; };
		12DA46B51D37568200F4CBEE /* GoogleService-Info.plist in Resources */ = {isa = PBXBuildFile; fileRef = 12DA46B31D37568200F4CBEE /* GoogleService-Info.plist */; };
		12F4876F1D36271B005421F9 /* Realm.framework in Frameworks */ = {isa = PBXBuildFile; fileRef = 12F4876D1D36271B005421F9 /* Realm.framework */; };
		12F487701D36271B005421F9 /* RealmSwift.framework in Frameworks */ = {isa = PBXBuildFile; fileRef = 12F4876E1D36271B005421F9 /* RealmSwift.framework */; };
/* End PBXBuildFile section */

/* Begin PBXFileReference section */
		0A6A835DE215068EFDE2BCFA /* Pods-ChatUI.release.xcconfig */ = {isa = PBXFileReference; includeInIndex = 1; lastKnownFileType = text.xcconfig; name = "Pods-ChatUI.release.xcconfig"; path = "Pods/Target Support Files/Pods-ChatUI/Pods-ChatUI.release.xcconfig"; sourceTree = "<group>"; };
		1258BE291CB8C351001D69B6 /* ChatViewController.swift */ = {isa = PBXFileReference; fileEncoding = 4; lastKnownFileType = sourcecode.swift; path = ChatViewController.swift; sourceTree = "<group>"; };
		1258BE2B1CB8C386001D69B6 /* ChatViewCell.swift */ = {isa = PBXFileReference; fileEncoding = 4; lastKnownFileType = sourcecode.swift; path = ChatViewCell.swift; sourceTree = "<group>"; };
		1258BE2E1CB8C71B001D69B6 /* Transcript.swift */ = {isa = PBXFileReference; fileEncoding = 4; lastKnownFileType = sourcecode.swift; path = Transcript.swift; sourceTree = "<group>"; };
		1258BE311CB8CDA9001D69B6 /* ChatToolbar.swift */ = {isa = PBXFileReference; fileEncoding = 4; lastKnownFileType = sourcecode.swift; path = ChatToolbar.swift; sourceTree = "<group>"; };
		125E6EF71CBD1F4B00A4226B /* ChatSessionController.swift */ = {isa = PBXFileReference; fileEncoding = 4; lastKnownFileType = sourcecode.swift; path = ChatSessionController.swift; sourceTree = "<group>"; };
		125E6EF91CBD232200A4226B /* EchoServer.swift */ = {isa = PBXFileReference; fileEncoding = 4; lastKnownFileType = sourcecode.swift; path = EchoServer.swift; sourceTree = "<group>"; };
		125E6EFB1CBE0FFF00A4226B /* ChatView.swift */ = {isa = PBXFileReference; fileEncoding = 4; lastKnownFileType = sourcecode.swift; path = ChatView.swift; sourceTree = "<group>"; };
		128D28CB1D373A4900363518 /* ChatUIDev.app */ = {isa = PBXFileReference; explicitFileType = wrapper.application; includeInIndex = 0; path = ChatUIDev.app; sourceTree = BUILT_PRODUCTS_DIR; };
		12D1A2361CB8BF5B00AE52BF /* ChatUI.app */ = {isa = PBXFileReference; explicitFileType = wrapper.application; includeInIndex = 0; path = ChatUI.app; sourceTree = BUILT_PRODUCTS_DIR; };
		12D1A2391CB8BF5B00AE52BF /* AppDelegate.swift */ = {isa = PBXFileReference; lastKnownFileType = sourcecode.swift; path = AppDelegate.swift; sourceTree = "<group>"; };
		12D1A23B1CB8BF5B00AE52BF /* ViewController.swift */ = {isa = PBXFileReference; lastKnownFileType = sourcecode.swift; path = ViewController.swift; sourceTree = "<group>"; };
		12D1A2401CB8BF5B00AE52BF /* Assets.xcassets */ = {isa = PBXFileReference; lastKnownFileType = folder.assetcatalog; path = Assets.xcassets; sourceTree = "<group>"; };
		12D1A2431CB8BF5B00AE52BF /* Base */ = {isa = PBXFileReference; lastKnownFileType = file.storyboard; name = Base; path = Base.lproj/LaunchScreen.storyboard; sourceTree = "<group>"; };
		12D1A2451CB8BF5B00AE52BF /* Info.plist */ = {isa = PBXFileReference; lastKnownFileType = text.plist.xml; path = Info.plist; sourceTree = "<group>"; };
		12DA46AB1D373D4200F4CBEE /* GoogleService-Info-dev.plist */ = {isa = PBXFileReference; fileEncoding = 4; lastKnownFileType = text.plist.xml; path = "GoogleService-Info-dev.plist"; sourceTree = "<group>"; };
		12DA46AC1D373D4200F4CBEE /* GoogleService-Info-prod.plist */ = {isa = PBXFileReference; fileEncoding = 4; lastKnownFileType = text.plist.xml; path = "GoogleService-Info-prod.plist"; sourceTree = "<group>"; };
		12DA46B11D373D5F00F4CBEE /* Info-dev.plist */ = {isa = PBXFileReference; fileEncoding = 4; lastKnownFileType = text.plist.xml; path = "Info-dev.plist"; sourceTree = "<group>"; };
		12DA46B31D37568200F4CBEE /* GoogleService-Info.plist */ = {isa = PBXFileReference; fileEncoding = 4; lastKnownFileType = text.plist.xml; path = "GoogleService-Info.plist"; sourceTree = "<group>"; };
		12F4876D1D36271B005421F9 /* Realm.framework */ = {isa = PBXFileReference; lastKnownFileType = wrapper.framework; name = Realm.framework; path = Carthage/Build/iOS/Realm.framework; sourceTree = "<group>"; };
		12F4876E1D36271B005421F9 /* RealmSwift.framework */ = {isa = PBXFileReference; lastKnownFileType = wrapper.framework; name = RealmSwift.framework; path = Carthage/Build/iOS/RealmSwift.framework; sourceTree = "<group>"; };
		73472615647FBD2EF7A47074 /* Pods_ChatUI.framework */ = {isa = PBXFileReference; explicitFileType = wrapper.framework; includeInIndex = 0; path = Pods_ChatUI.framework; sourceTree = BUILT_PRODUCTS_DIR; };
		D8B7CAB4E662E5A69ADBF5F4 /* Pods-ChatUI.debug.xcconfig */ = {isa = PBXFileReference; includeInIndex = 1; lastKnownFileType = text.xcconfig; name = "Pods-ChatUI.debug.xcconfig"; path = "Pods/Target Support Files/Pods-ChatUI/Pods-ChatUI.debug.xcconfig"; sourceTree = "<group>"; };
		FF53DBA3A14F250BFE2413F4 /* Pods.framework */ = {isa = PBXFileReference; explicitFileType = wrapper.framework; includeInIndex = 0; path = Pods.framework; sourceTree = BUILT_PRODUCTS_DIR; };
/* End PBXFileReference section */

/* Begin PBXFrameworksBuildPhase section */
		128D28BF1D373A4900363518 /* Frameworks */ = {
			isa = PBXFrameworksBuildPhase;
			buildActionMask = 2147483647;
			files = (
				128D28C01D373A4900363518 /* Realm.framework in Frameworks */,
				128D28C11D373A4900363518 /* RealmSwift.framework in Frameworks */,
				128D28C21D373A4900363518 /* Pods_ChatUI.framework in Frameworks */,
			);
			runOnlyForDeploymentPostprocessing = 0;
		};
		12D1A2331CB8BF5B00AE52BF /* Frameworks */ = {
			isa = PBXFrameworksBuildPhase;
			buildActionMask = 2147483647;
			files = (
				12F4876F1D36271B005421F9 /* Realm.framework in Frameworks */,
				12F487701D36271B005421F9 /* RealmSwift.framework in Frameworks */,
				0513FFD87143D8A6A3640B3E /* Pods_ChatUI.framework in Frameworks */,
			);
			runOnlyForDeploymentPostprocessing = 0;
		};
/* End PBXFrameworksBuildPhase section */

/* Begin PBXGroup section */
		0B37CA19BF1C0E950ECDED53 /* Frameworks */ = {
			isa = PBXGroup;
			children = (
				12F4876D1D36271B005421F9 /* Realm.framework */,
				12F4876E1D36271B005421F9 /* RealmSwift.framework */,
				FF53DBA3A14F250BFE2413F4 /* Pods.framework */,
				73472615647FBD2EF7A47074 /* Pods_ChatUI.framework */,
			);
			name = Frameworks;
			sourceTree = "<group>";
		};
		1258BE2D1CB8C6D8001D69B6 /* UI */ = {
			isa = PBXGroup;
			children = (
				125E6EFB1CBE0FFF00A4226B /* ChatView.swift */,
				1258BE291CB8C351001D69B6 /* ChatViewController.swift */,
				1258BE2B1CB8C386001D69B6 /* ChatViewCell.swift */,
				1258BE311CB8CDA9001D69B6 /* ChatToolbar.swift */,
				125E6EF71CBD1F4B00A4226B /* ChatSessionController.swift */,
			);
			name = UI;
			sourceTree = "<group>";
		};
		1258BE301CB8C8C2001D69B6 /* Model */ = {
			isa = PBXGroup;
			children = (
				1258BE2E1CB8C71B001D69B6 /* Transcript.swift */,
			);
			name = Model;
			sourceTree = "<group>";
		};
		12D1A22D1CB8BF5B00AE52BF = {
			isa = PBXGroup;
			children = (
				12D1A2381CB8BF5B00AE52BF /* ChatUI */,
				12D1A2371CB8BF5B00AE52BF /* Products */,
				0B37CA19BF1C0E950ECDED53 /* Frameworks */,
				EB6B7AF39DC8437D2E0F2ABA /* Pods */,
			);
			sourceTree = "<group>";
		};
		12D1A2371CB8BF5B00AE52BF /* Products */ = {
			isa = PBXGroup;
			children = (
				12D1A2361CB8BF5B00AE52BF /* ChatUI.app */,
				128D28CB1D373A4900363518 /* ChatUIDev.app */,
			);
			name = Products;
			sourceTree = "<group>";
		};
		12D1A2381CB8BF5B00AE52BF /* ChatUI */ = {
			isa = PBXGroup;
			children = (
				12D1A2391CB8BF5B00AE52BF /* AppDelegate.swift */,
				12D1A23B1CB8BF5B00AE52BF /* ViewController.swift */,
				125E6EF91CBD232200A4226B /* EchoServer.swift */,
				1258BE301CB8C8C2001D69B6 /* Model */,
				1258BE2D1CB8C6D8001D69B6 /* UI */,
				12D1A2401CB8BF5B00AE52BF /* Assets.xcassets */,
				12D1A2421CB8BF5B00AE52BF /* LaunchScreen.storyboard */,
				12D1A2451CB8BF5B00AE52BF /* Info.plist */,
				12DA46B11D373D5F00F4CBEE /* Info-dev.plist */,
				12DA46B31D37568200F4CBEE /* GoogleService-Info.plist */,
				12DA46AA1D373D4200F4CBEE /* GoogleService */,
			);
			path = ChatUI;
			sourceTree = "<group>";
		};
		12DA46AA1D373D4200F4CBEE /* GoogleService */ = {
			isa = PBXGroup;
			children = (
				12DA46AB1D373D4200F4CBEE /* GoogleService-Info-dev.plist */,
				12DA46AC1D373D4200F4CBEE /* GoogleService-Info-prod.plist */,
			);
			path = GoogleService;
			sourceTree = "<group>";
		};
		EB6B7AF39DC8437D2E0F2ABA /* Pods */ = {
			isa = PBXGroup;
			children = (
				D8B7CAB4E662E5A69ADBF5F4 /* Pods-ChatUI.debug.xcconfig */,
				0A6A835DE215068EFDE2BCFA /* Pods-ChatUI.release.xcconfig */,
			);
			name = Pods;
			sourceTree = "<group>";
		};
/* End PBXGroup section */

/* Begin PBXNativeTarget section */
		128D28B21D373A4900363518 /* ChatUIDev */ = {
			isa = PBXNativeTarget;
			buildConfigurationList = 128D28C81D373A4900363518 /* Build configuration list for PBXNativeTarget "ChatUIDev" */;
			buildPhases = (
				128D28B31D373A4900363518 /* [CP] Check Pods Manifest.lock */,
				128D28B41D373A4900363518 /* Sources */,
				128D28BE1D373A4900363518 /* Carthage */,
				128D28BF1D373A4900363518 /* Frameworks */,
				128D28C31D373A4900363518 /* Resources */,
				128D28C61D373A4900363518 /* [CP] Embed Pods Frameworks */,
				128D28C71D373A4900363518 /* [CP] Copy Pods Resources */,
			);
			buildRules = (
			);
			dependencies = (
			);
			name = ChatUIDev;
			productName = ChatUI;
			productReference = 128D28CB1D373A4900363518 /* ChatUIDev.app */;
			productType = "com.apple.product-type.application";
		};
		12D1A2351CB8BF5B00AE52BF /* ChatUI */ = {
			isa = PBXNativeTarget;
			buildConfigurationList = 12D1A2481CB8BF5B00AE52BF /* Build configuration list for PBXNativeTarget "ChatUI" */;
			buildPhases = (
				46E0C58EC3EB5C4225B15052 /* [CP] Check Pods Manifest.lock */,
				12D1A2321CB8BF5B00AE52BF /* Sources */,
				1212A16B1D3620660078A52F /* Carthage */,
				12D1A2331CB8BF5B00AE52BF /* Frameworks */,
				12D1A2341CB8BF5B00AE52BF /* Resources */,
				25FD2D3E38C97BEAD3C03D24 /* [CP] Embed Pods Frameworks */,
				AF766784428A431F0C1B01CF /* [CP] Copy Pods Resources */,
			);
			buildRules = (
			);
			dependencies = (
			);
			name = ChatUI;
			productName = ChatUI;
			productReference = 12D1A2361CB8BF5B00AE52BF /* ChatUI.app */;
			productType = "com.apple.product-type.application";
		};
/* End PBXNativeTarget section */

/* Begin PBXProject section */
		12D1A22E1CB8BF5B00AE52BF /* Project object */ = {
			isa = PBXProject;
			attributes = {
				LastSwiftUpdateCheck = 0730;
				LastUpgradeCheck = 0730;
				ORGANIZATIONNAME = "Stamp inc";
				TargetAttributes = {
					12D1A2351CB8BF5B00AE52BF = {
						CreatedOnToolsVersion = 7.3;
					};
				};
			};
			buildConfigurationList = 12D1A2311CB8BF5B00AE52BF /* Build configuration list for PBXProject "ChatUI" */;
			compatibilityVersion = "Xcode 3.2";
			developmentRegion = English;
			hasScannedForEncodings = 0;
			knownRegions = (
				en,
				Base,
			);
			mainGroup = 12D1A22D1CB8BF5B00AE52BF;
			productRefGroup = 12D1A2371CB8BF5B00AE52BF /* Products */;
			projectDirPath = "";
			projectRoot = "";
			targets = (
				12D1A2351CB8BF5B00AE52BF /* ChatUI */,
				128D28B21D373A4900363518 /* ChatUIDev */,
			);
		};
/* End PBXProject section */

/* Begin PBXResourcesBuildPhase section */
		128D28C31D373A4900363518 /* Resources */ = {
			isa = PBXResourcesBuildPhase;
			buildActionMask = 2147483647;
			files = (
				12DA46B21D373D5F00F4CBEE /* Info-dev.plist in Resources */,
				12DA46B01D373D5000F4CBEE /* GoogleService-Info-prod.plist in Resources */,
				12DA46B51D37568200F4CBEE /* GoogleService-Info.plist in Resources */,
				128D28C41D373A4900363518 /* LaunchScreen.storyboard in Resources */,
				128D28C51D373A4900363518 /* Assets.xcassets in Resources */,
			);
			runOnlyForDeploymentPostprocessing = 0;
		};
		12D1A2341CB8BF5B00AE52BF /* Resources */ = {
			isa = PBXResourcesBuildPhase;
			buildActionMask = 2147483647;
			files = (
				12D1A2441CB8BF5B00AE52BF /* LaunchScreen.storyboard in Resources */,
				12DA46B41D37568200F4CBEE /* GoogleService-Info.plist in Resources */,
				12DA46AD1D373D4200F4CBEE /* GoogleService-Info-dev.plist in Resources */,
				12D1A2411CB8BF5B00AE52BF /* Assets.xcassets in Resources */,
			);
			runOnlyForDeploymentPostprocessing = 0;
		};
/* End PBXResourcesBuildPhase section */

/* Begin PBXShellScriptBuildPhase section */
		1212A16B1D3620660078A52F /* Carthage */ = {
			isa = PBXShellScriptBuildPhase;
			buildActionMask = 2147483647;
			files = (
			);
			inputPaths = (
				"$(SRCROOT)/Carthage/Build/iOS/Realm.framework",
				"$(SRCROOT)/Carthage/Build/iOS/RealmSwift.framework",
			);
			name = Carthage;
			outputPaths = (
			);
			runOnlyForDeploymentPostprocessing = 0;
			shellPath = /bin/sh;
			shellScript = "/usr/local/bin/carthage copy-frameworks";
		};
		128D28B31D373A4900363518 /* [CP] Check Pods Manifest.lock */ = {
			isa = PBXShellScriptBuildPhase;
			buildActionMask = 2147483647;
			files = (
			);
			inputPaths = (
			);
			name = "[CP] Check Pods Manifest.lock";
			outputPaths = (
			);
			runOnlyForDeploymentPostprocessing = 0;
			shellPath = /bin/sh;
			shellScript = "diff \"${PODS_ROOT}/../Podfile.lock\" \"${PODS_ROOT}/Manifest.lock\" > /dev/null\nif [[ $? != 0 ]] ; then\n    cat << EOM\nerror: The sandbox is not in sync with the Podfile.lock. Run 'pod install' or update your CocoaPods installation.\nEOM\n    exit 1\nfi\n";
			showEnvVarsInLog = 0;
		};
		128D28BE1D373A4900363518 /* Carthage */ = {
			isa = PBXShellScriptBuildPhase;
			buildActionMask = 2147483647;
			files = (
			);
			inputPaths = (
				"$(SRCROOT)/Carthage/Build/iOS/Realm.framework",
				"$(SRCROOT)/Carthage/Build/iOS/RealmSwift.framework",
			);
			name = Carthage;
			outputPaths = (
			);
			runOnlyForDeploymentPostprocessing = 0;
			shellPath = /bin/sh;
			shellScript = "/usr/local/bin/carthage copy-frameworks";
		};
		128D28C61D373A4900363518 /* [CP] Embed Pods Frameworks */ = {
			isa = PBXShellScriptBuildPhase;
			buildActionMask = 2147483647;
			files = (
			);
			inputPaths = (
			);
			name = "[CP] Embed Pods Frameworks";
			outputPaths = (
			);
			runOnlyForDeploymentPostprocessing = 0;
			shellPath = /bin/sh;
			shellScript = "\"${SRCROOT}/Pods/Target Support Files/Pods-ChatUI/Pods-ChatUI-frameworks.sh\"\n";
			showEnvVarsInLog = 0;
		};
		128D28C71D373A4900363518 /* [CP] Copy Pods Resources */ = {
			isa = PBXShellScriptBuildPhase;
			buildActionMask = 2147483647;
			files = (
			);
			inputPaths = (
			);
			name = "[CP] Copy Pods Resources";
			outputPaths = (
			);
			runOnlyForDeploymentPostprocessing = 0;
			shellPath = /bin/sh;
			shellScript = "\"${SRCROOT}/Pods/Target Support Files/Pods-ChatUI/Pods-ChatUI-resources.sh\"\n";
			showEnvVarsInLog = 0;
		};
		25FD2D3E38C97BEAD3C03D24 /* [CP] Embed Pods Frameworks */ = {
			isa = PBXShellScriptBuildPhase;
			buildActionMask = 2147483647;
			files = (
			);
			inputPaths = (
			);
			name = "[CP] Embed Pods Frameworks";
			outputPaths = (
			);
			runOnlyForDeploymentPostprocessing = 0;
			shellPath = /bin/sh;
			shellScript = "\"${SRCROOT}/Pods/Target Support Files/Pods-ChatUI/Pods-ChatUI-frameworks.sh\"\n";
			showEnvVarsInLog = 0;
		};
		46E0C58EC3EB5C4225B15052 /* [CP] Check Pods Manifest.lock */ = {
			isa = PBXShellScriptBuildPhase;
			buildActionMask = 2147483647;
			files = (
			);
			inputPaths = (
			);
			name = "[CP] Check Pods Manifest.lock";
			outputPaths = (
			);
			runOnlyForDeploymentPostprocessing = 0;
			shellPath = /bin/sh;
			shellScript = "diff \"${PODS_ROOT}/../Podfile.lock\" \"${PODS_ROOT}/Manifest.lock\" > /dev/null\nif [[ $? != 0 ]] ; then\n    cat << EOM\nerror: The sandbox is not in sync with the Podfile.lock. Run 'pod install' or update your CocoaPods installation.\nEOM\n    exit 1\nfi\n";
			showEnvVarsInLog = 0;
		};
		AF766784428A431F0C1B01CF /* [CP] Copy Pods Resources */ = {
			isa = PBXShellScriptBuildPhase;
			buildActionMask = 2147483647;
			files = (
			);
			inputPaths = (
			);
			name = "[CP] Copy Pods Resources";
			outputPaths = (
			);
			runOnlyForDeploymentPostprocessing = 0;
			shellPath = /bin/sh;
			shellScript = "\"${SRCROOT}/Pods/Target Support Files/Pods-ChatUI/Pods-ChatUI-resources.sh\"\n";
			showEnvVarsInLog = 0;
		};
/* End PBXShellScriptBuildPhase section */

/* Begin PBXSourcesBuildPhase section */
		128D28B41D373A4900363518 /* Sources */ = {
			isa = PBXSourcesBuildPhase;
			buildActionMask = 2147483647;
			files = (
				128D28B51D373A4900363518 /* ChatToolbar.swift in Sources */,
				128D28B61D373A4900363518 /* EchoServer.swift in Sources */,
				128D28B71D373A4900363518 /* ChatViewCell.swift in Sources */,
				128D28B81D373A4900363518 /* Transcript.swift in Sources */,
				128D28B91D373A4900363518 /* ChatView.swift in Sources */,
				128D28BA1D373A4900363518 /* ViewController.swift in Sources */,
				128D28BB1D373A4900363518 /* ChatSessionController.swift in Sources */,
				128D28BC1D373A4900363518 /* ChatViewController.swift in Sources */,
				128D28BD1D373A4900363518 /* AppDelegate.swift in Sources */,
			);
			runOnlyForDeploymentPostprocessing = 0;
		};
		12D1A2321CB8BF5B00AE52BF /* Sources */ = {
			isa = PBXSourcesBuildPhase;
			buildActionMask = 2147483647;
			files = (
				1258BE321CB8CDA9001D69B6 /* ChatToolbar.swift in Sources */,
				125E6EFA1CBD232200A4226B /* EchoServer.swift in Sources */,
				1258BE2C1CB8C386001D69B6 /* ChatViewCell.swift in Sources */,
				1258BE2F1CB8C71B001D69B6 /* Transcript.swift in Sources */,
				125E6EFC1CBE0FFF00A4226B /* ChatView.swift in Sources */,
				12D1A23C1CB8BF5B00AE52BF /* ViewController.swift in Sources */,
				125E6EF81CBD1F4B00A4226B /* ChatSessionController.swift in Sources */,
				1258BE2A1CB8C351001D69B6 /* ChatViewController.swift in Sources */,
				12D1A23A1CB8BF5B00AE52BF /* AppDelegate.swift in Sources */,
			);
			runOnlyForDeploymentPostprocessing = 0;
		};
/* End PBXSourcesBuildPhase section */

/* Begin PBXVariantGroup section */
		12D1A2421CB8BF5B00AE52BF /* LaunchScreen.storyboard */ = {
			isa = PBXVariantGroup;
			children = (
				12D1A2431CB8BF5B00AE52BF /* Base */,
			);
			name = LaunchScreen.storyboard;
			sourceTree = "<group>";
		};
/* End PBXVariantGroup section */

/* Begin XCBuildConfiguration section */
		128D28C91D373A4900363518 /* Debug */ = {
			isa = XCBuildConfiguration;
			baseConfigurationReference = D8B7CAB4E662E5A69ADBF5F4 /* Pods-ChatUI.debug.xcconfig */;
			buildSettings = {
				ASSETCATALOG_COMPILER_APPICON_NAME = AppIcon;
				FRAMEWORK_SEARCH_PATHS = (
					"$(inherited)",
					"$(PROJECT_DIR)/Carthage/Build/iOS",
				);
				INFOPLIST_FILE = "ChatUI/Info-dev.plist";
				IPHONEOS_DEPLOYMENT_TARGET = 9.3;
				LD_RUNPATH_SEARCH_PATHS = "$(inherited) @executable_path/Frameworks";
				PRODUCT_BUNDLE_IDENTIFIER = inc.stamp.ChatUI.dev;
				PRODUCT_NAME = "$(TARGET_NAME)";
			};
			name = Debug;
		};
		128D28CA1D373A4900363518 /* Release */ = {
			isa = XCBuildConfiguration;
			baseConfigurationReference = 0A6A835DE215068EFDE2BCFA /* Pods-ChatUI.release.xcconfig */;
			buildSettings = {
				ASSETCATALOG_COMPILER_APPICON_NAME = AppIcon;
				FRAMEWORK_SEARCH_PATHS = (
					"$(inherited)",
					"$(PROJECT_DIR)/Carthage/Build/iOS",
				);
				INFOPLIST_FILE = "ChatUI/Info-dev.plist";
				IPHONEOS_DEPLOYMENT_TARGET = 9.3;
				LD_RUNPATH_SEARCH_PATHS = "$(inherited) @executable_path/Frameworks";
				PRODUCT_BUNDLE_IDENTIFIER = inc.stamp.ChatUI.dev;
				PRODUCT_NAME = "$(TARGET_NAME)";
			};
			name = Release;
		};
		12D1A2461CB8BF5B00AE52BF /* Debug */ = {
			isa = XCBuildConfiguration;
			buildSettings = {
				ALWAYS_SEARCH_USER_PATHS = NO;
				CLANG_ANALYZER_NONNULL = YES;
				CLANG_CXX_LANGUAGE_STANDARD = "gnu++0x";
				CLANG_CXX_LIBRARY = "libc++";
				CLANG_ENABLE_MODULES = YES;
				CLANG_ENABLE_OBJC_ARC = YES;
				CLANG_WARN_BOOL_CONVERSION = YES;
				CLANG_WARN_CONSTANT_CONVERSION = YES;
				CLANG_WARN_DIRECT_OBJC_ISA_USAGE = YES_ERROR;
				CLANG_WARN_EMPTY_BODY = YES;
				CLANG_WARN_ENUM_CONVERSION = YES;
				CLANG_WARN_INT_CONVERSION = YES;
				CLANG_WARN_OBJC_ROOT_CLASS = YES_ERROR;
				CLANG_WARN_UNREACHABLE_CODE = YES;
				CLANG_WARN__DUPLICATE_METHOD_MATCH = YES;
				"CODE_SIGN_IDENTITY[sdk=iphoneos*]" = "iPhone Developer";
				COPY_PHASE_STRIP = NO;
				DEBUG_INFORMATION_FORMAT = dwarf;
				ENABLE_STRICT_OBJC_MSGSEND = YES;
				ENABLE_TESTABILITY = YES;
				GCC_C_LANGUAGE_STANDARD = gnu99;
				GCC_DYNAMIC_NO_PIC = NO;
				GCC_NO_COMMON_BLOCKS = YES;
				GCC_OPTIMIZATION_LEVEL = 0;
				GCC_PREPROCESSOR_DEFINITIONS = (
					"DEBUG=1",
					"$(inherited)",
				);
				GCC_WARN_64_TO_32_BIT_CONVERSION = YES;
				GCC_WARN_ABOUT_RETURN_TYPE = YES_ERROR;
				GCC_WARN_UNDECLARED_SELECTOR = YES;
				GCC_WARN_UNINITIALIZED_AUTOS = YES_AGGRESSIVE;
				GCC_WARN_UNUSED_FUNCTION = YES;
				GCC_WARN_UNUSED_VARIABLE = YES;
				IPHONEOS_DEPLOYMENT_TARGET = 9.3;
				MTL_ENABLE_DEBUG_INFO = YES;
				ONLY_ACTIVE_ARCH = YES;
				SDKROOT = iphoneos;
				SWIFT_OPTIMIZATION_LEVEL = "-Onone";
			};
			name = Debug;
		};
		12D1A2471CB8BF5B00AE52BF /* Release */ = {
			isa = XCBuildConfiguration;
			buildSettings = {
				ALWAYS_SEARCH_USER_PATHS = NO;
				CLANG_ANALYZER_NONNULL = YES;
				CLANG_CXX_LANGUAGE_STANDARD = "gnu++0x";
				CLANG_CXX_LIBRARY = "libc++";
				CLANG_ENABLE_MODULES = YES;
				CLANG_ENABLE_OBJC_ARC = YES;
				CLANG_WARN_BOOL_CONVERSION = YES;
				CLANG_WARN_CONSTANT_CONVERSION = YES;
				CLANG_WARN_DIRECT_OBJC_ISA_USAGE = YES_ERROR;
				CLANG_WARN_EMPTY_BODY = YES;
				CLANG_WARN_ENUM_CONVERSION = YES;
				CLANG_WARN_INT_CONVERSION = YES;
				CLANG_WARN_OBJC_ROOT_CLASS = YES_ERROR;
				CLANG_WARN_UNREACHABLE_CODE = YES;
				CLANG_WARN__DUPLICATE_METHOD_MATCH = YES;
				"CODE_SIGN_IDENTITY[sdk=iphoneos*]" = "iPhone Developer";
				COPY_PHASE_STRIP = NO;
				DEBUG_INFORMATION_FORMAT = "dwarf-with-dsym";
				ENABLE_NS_ASSERTIONS = NO;
				ENABLE_STRICT_OBJC_MSGSEND = YES;
				GCC_C_LANGUAGE_STANDARD = gnu99;
				GCC_NO_COMMON_BLOCKS = YES;
				GCC_WARN_64_TO_32_BIT_CONVERSION = YES;
				GCC_WARN_ABOUT_RETURN_TYPE = YES_ERROR;
				GCC_WARN_UNDECLARED_SELECTOR = YES;
				GCC_WARN_UNINITIALIZED_AUTOS = YES_AGGRESSIVE;
				GCC_WARN_UNUSED_FUNCTION = YES;
				GCC_WARN_UNUSED_VARIABLE = YES;
				IPHONEOS_DEPLOYMENT_TARGET = 9.3;
				MTL_ENABLE_DEBUG_INFO = NO;
				SDKROOT = iphoneos;
				VALIDATE_PRODUCT = YES;
			};
			name = Release;
		};
		12D1A2491CB8BF5B00AE52BF /* Debug */ = {
			isa = XCBuildConfiguration;
			baseConfigurationReference = D8B7CAB4E662E5A69ADBF5F4 /* Pods-ChatUI.debug.xcconfig */;
			buildSettings = {
				ASSETCATALOG_COMPILER_APPICON_NAME = AppIcon;
				FRAMEWORK_SEARCH_PATHS = (
					"$(inherited)",
					"$(PROJECT_DIR)/Carthage/Build/iOS",
				);
				INFOPLIST_FILE = ChatUI/Info.plist;
				IPHONEOS_DEPLOYMENT_TARGET = 9.3;
				LD_RUNPATH_SEARCH_PATHS = "$(inherited) @executable_path/Frameworks";
				PRODUCT_BUNDLE_IDENTIFIER = inc.stamp.ChatUI;
				PRODUCT_NAME = "$(TARGET_NAME)";
			};
			name = Debug;
		};
		12D1A24A1CB8BF5B00AE52BF /* Release */ = {
			isa = XCBuildConfiguration;
			baseConfigurationReference = 0A6A835DE215068EFDE2BCFA /* Pods-ChatUI.release.xcconfig */;
			buildSettings = {
				ASSETCATALOG_COMPILER_APPICON_NAME = AppIcon;
				FRAMEWORK_SEARCH_PATHS = (
					"$(inherited)",
					"$(PROJECT_DIR)/Carthage/Build/iOS",
				);
				INFOPLIST_FILE = ChatUI/Info.plist;
				IPHONEOS_DEPLOYMENT_TARGET = 9.3;
				LD_RUNPATH_SEARCH_PATHS = "$(inherited) @executable_path/Frameworks";
				PRODUCT_BUNDLE_IDENTIFIER = inc.stamp.ChatUI;
				PRODUCT_NAME = "$(TARGET_NAME)";
			};
			name = Release;
		};
/* End XCBuildConfiguration section */

/* Begin XCConfigurationList section */
		128D28C81D373A4900363518 /* Build configuration list for PBXNativeTarget "ChatUIDev" */ = {
			isa = XCConfigurationList;
			buildConfigurations = (
				128D28C91D373A4900363518 /* Debug */,
				128D28CA1D373A4900363518 /* Release */,
			);
			defaultConfigurationIsVisible = 0;
			defaultConfigurationName = Release;
		};
		12D1A2311CB8BF5B00AE52BF /* Build configuration list for PBXProject "ChatUI" */ = {
			isa = XCConfigurationList;
			buildConfigurations = (
				12D1A2461CB8BF5B00AE52BF /* Debug */,
				12D1A2471CB8BF5B00AE52BF /* Release */,
			);
			defaultConfigurationIsVisible = 0;
			defaultConfigurationName = Release;
		};
		12D1A2481CB8BF5B00AE52BF /* Build configuration list for PBXNativeTarget "ChatUI" */ = {
			isa = XCConfigurationList;
			buildConfigurations = (
				12D1A2491CB8BF5B00AE52BF /* Debug */,
				12D1A24A1CB8BF5B00AE52BF /* Release */,
			);
			defaultConfigurationIsVisible = 0;
			defaultConfigurationName = Release;
		};
/* End XCConfigurationList section */
	};
	rootObject = 12D1A22E1CB8BF5B00AE52BF /* Project object */;
}
