// !$*UTF8*$!
{
	archiveVersion = 1;
	classes = {
	};
	objectVersion = 46;
	objects = {

/* Begin PBXBuildFile section */
		12D1A23A1CB8BF5B00AE52BF /* AppDelegate.swift in Sources */ = {isa = PBXBuildFile; fileRef = 12D1A2391CB8BF5B00AE52BF /* AppDelegate.swift */; };
		12D1A23C1CB8BF5B00AE52BF /* ViewController.swift in Sources */ = {isa = PBXBuildFile; fileRef = 12D1A23B1CB8BF5B00AE52BF /* ViewController.swift */; };
		12D1A23F1CB8BF5B00AE52BF /* Main.storyboard in Resources */ = {isa = PBXBuildFile; fileRef = 12D1A23D1CB8BF5B00AE52BF /* Main.storyboard */; };
		12D1A2411CB8BF5B00AE52BF /* Assets.xcassets in Resources */ = {isa = PBXBuildFile; fileRef = 12D1A2401CB8BF5B00AE52BF /* Assets.xcassets */; };
		12D1A2441CB8BF5B00AE52BF /* LaunchScreen.storyboard in Resources */ = {isa = PBXBuildFile; fileRef = 12D1A2421CB8BF5B00AE52BF /* LaunchScreen.storyboard */; };
/* End PBXBuildFile section */

/* Begin PBXFileReference section */
		12D1A2361CB8BF5B00AE52BF /* ChatUI.app */ = {isa = PBXFileReference; explicitFileType = wrapper.application; includeInIndex = 0; path = ChatUI.app; sourceTree = BUILT_PRODUCTS_DIR; };
		12D1A2391CB8BF5B00AE52BF /* AppDelegate.swift */ = {isa = PBXFileReference; lastKnownFileType = sourcecode.swift; path = AppDelegate.swift; sourceTree = "<group>"; };
		12D1A23B1CB8BF5B00AE52BF /* ViewController.swift */ = {isa = PBXFileReference; lastKnownFileType = sourcecode.swift; path = ViewController.swift; sourceTree = "<group>"; };
		12D1A23E1CB8BF5B00AE52BF /* Base */ = {isa = PBXFileReference; lastKnownFileType = file.storyboard; name = Base; path = Base.lproj/Main.storyboard; sourceTree = "<group>"; };
		12D1A2401CB8BF5B00AE52BF /* Assets.xcassets */ = {isa = PBXFileReference; lastKnownFileType = folder.assetcatalog; path = Assets.xcassets; sourceTree = "<group>"; };
		12D1A2431CB8BF5B00AE52BF /* Base */ = {isa = PBXFileReference; lastKnownFileType = file.storyboard; name = Base; path = Base.lproj/LaunchScreen.storyboard; sourceTree = "<group>"; };
		12D1A2451CB8BF5B00AE52BF /* Info.plist */ = {isa = PBXFileReference; lastKnownFileType = text.plist.xml; path = Info.plist; sourceTree = "<group>"; };
/* End PBXFileReference section */

/* Begin PBXFrameworksBuildPhase section */
		12D1A2331CB8BF5B00AE52BF /* Frameworks */ = {
			isa = PBXFrameworksBuildPhase;
			buildActionMask = 2147483647;
			files = (
			);
			runOnlyForDeploymentPostprocessing = 0;
		};
/* End PBXFrameworksBuildPhase section */

/* Begin PBXGroup section */
		12D1A22D1CB8BF5B00AE52BF = {
			isa = PBXGroup;
			children = (
				12D1A2381CB8BF5B00AE52BF /* ChatUI */,
				12D1A2371CB8BF5B00AE52BF /* Products */,
			);
			sourceTree = "<group>";
		};
		12D1A2371CB8BF5B00AE52BF /* Products */ = {
			isa = PBXGroup;
			children = (
				12D1A2361CB8BF5B00AE52BF /* ChatUI.app */,
			);
			name = Products;
			sourceTree = "<group>";
		};
		12D1A2381CB8BF5B00AE52BF /* ChatUI */ = {
			isa = PBXGroup;
			children = (
				12D1A2391CB8BF5B00AE52BF /* AppDelegate.swift */,
				12D1A23B1CB8BF5B00AE52BF /* ViewController.swift */,
				12D1A23D1CB8BF5B00AE52BF /* Main.storyboard */,
				12D1A2401CB8BF5B00AE52BF /* Assets.xcassets */,
				12D1A2421CB8BF5B00AE52BF /* LaunchScreen.storyboard */,
				12D1A2451CB8BF5B00AE52BF /* Info.plist */,
			);
			path = ChatUI;
			sourceTree = "<group>";
		};
/* End PBXGroup section */

/* Begin PBXNativeTarget section */
		12D1A2351CB8BF5B00AE52BF /* ChatUI */ = {
			isa = PBXNativeTarget;
			buildConfigurationList = 12D1A2481CB8BF5B00AE52BF /* Build configuration list for PBXNativeTarget "ChatUI" */;
			buildPhases = (
				12D1A2321CB8BF5B00AE52BF /* Sources */,
				12D1A2331CB8BF5B00AE52BF /* Frameworks */,
				12D1A2341CB8BF5B00AE52BF /* Resources */,
			);
			buildRules = (
			);
			dependencies = (
			);
			name = ChatUI;
			productName = ChatUI;
			productReference = 12D1A2361CB8BF5B00AE52BF /* ChatUI.app */;
			productType = "com.apple.product-type.application";
		};
/* End PBXNativeTarget section */

/* Begin PBXProject section */
		12D1A22E1CB8BF5B00AE52BF /* Project object */ = {
			isa = PBXProject;
			attributes = {
				LastSwiftUpdateCheck = 0730;
				LastUpgradeCheck = 0730;
				ORGANIZATIONNAME = "Stamp inc";
				TargetAttributes = {
					12D1A2351CB8BF5B00AE52BF = {
						CreatedOnToolsVersion = 7.3;
					};
				};
			};
			buildConfigurationList = 12D1A2311CB8BF5B00AE52BF /* Build configuration list for PBXProject "ChatUI" */;
			compatibilityVersion = "Xcode 3.2";
			developmentRegion = English;
			hasScannedForEncodings = 0;
			knownRegions = (
				en,
				Base,
			);
			mainGroup = 12D1A22D1CB8BF5B00AE52BF;
			productRefGroup = 12D1A2371CB8BF5B00AE52BF /* Products */;
			projectDirPath = "";
			projectRoot = "";
			targets = (
				12D1A2351CB8BF5B00AE52BF /* ChatUI */,
			);
		};
/* End PBXProject section */

/* Begin PBXResourcesBuildPhase section */
		12D1A2341CB8BF5B00AE52BF /* Resources */ = {
			isa = PBXResourcesBuildPhase;
			buildActionMask = 2147483647;
			files = (
				12D1A2441CB8BF5B00AE52BF /* LaunchScreen.storyboard in Resources */,
				12D1A2411CB8BF5B00AE52BF /* Assets.xcassets in Resources */,
				12D1A23F1CB8BF5B00AE52BF /* Main.storyboard in Resources */,
			);
			runOnlyForDeploymentPostprocessing = 0;
		};
/* End PBXResourcesBuildPhase section */

/* Begin PBXSourcesBuildPhase section */
		12D1A2321CB8BF5B00AE52BF /* Sources */ = {
			isa = PBXSourcesBuildPhase;
			buildActionMask = 2147483647;
			files = (
				12D1A23C1CB8BF5B00AE52BF /* ViewController.swift in Sources */,
				12D1A23A1CB8BF5B00AE52BF /* AppDelegate.swift in Sources */,
			);
			runOnlyForDeploymentPostprocessing = 0;
		};
/* End PBXSourcesBuildPhase section */

/* Begin PBXVariantGroup section */
		12D1A23D1CB8BF5B00AE52BF /* Main.storyboard */ = {
			isa = PBXVariantGroup;
			children = (
				12D1A23E1CB8BF5B00AE52BF /* Base */,
			);
			name = Main.storyboard;
			sourceTree = "<group>";
		};
		12D1A2421CB8BF5B00AE52BF /* LaunchScreen.storyboard */ = {
			isa = PBXVariantGroup;
			children = (
				12D1A2431CB8BF5B00AE52BF /* Base */,
			);
			name = LaunchScreen.storyboard;
			sourceTree = "<group>";
		};
/* End PBXVariantGroup section */

/* Begin XCBuildConfiguration section */
		12D1A2461CB8BF5B00AE52BF /* Debug */ = {
			isa = XCBuildConfiguration;
			buildSettings = {
				ALWAYS_SEARCH_USER_PATHS = NO;
				CLANG_ANALYZER_NONNULL = YES;
				CLANG_CXX_LANGUAGE_STANDARD = "gnu++0x";
				CLANG_CXX_LIBRARY = "libc++";
				CLANG_ENABLE_MODULES = YES;
				CLANG_ENABLE_OBJC_ARC = YES;
				CLANG_WARN_BOOL_CONVERSION = YES;
				CLANG_WARN_CONSTANT_CONVERSION = YES;
				CLANG_WARN_DIRECT_OBJC_ISA_USAGE = YES_ERROR;
				CLANG_WARN_EMPTY_BODY = YES;
				CLANG_WARN_ENUM_CONVERSION = YES;
				CLANG_WARN_INT_CONVERSION = YES;
				CLANG_WARN_OBJC_ROOT_CLASS = YES_ERROR;
				CLANG_WARN_UNREACHABLE_CODE = YES;
				CLANG_WARN__DUPLICATE_METHOD_MATCH = YES;
				"CODE_SIGN_IDENTITY[sdk=iphoneos*]" = "iPhone Developer";
				COPY_PHASE_STRIP = NO;
				DEBUG_INFORMATION_FORMAT = dwarf;
				ENABLE_STRICT_OBJC_MSGSEND = YES;
				ENABLE_TESTABILITY = YES;
				GCC_C_LANGUAGE_STANDARD = gnu99;
				GCC_DYNAMIC_NO_PIC = NO;
				GCC_NO_COMMON_BLOCKS = YES;
				GCC_OPTIMIZATION_LEVEL = 0;
				GCC_PREPROCESSOR_DEFINITIONS = (
					"DEBUG=1",
					"$(inherited)",
				);
				GCC_WARN_64_TO_32_BIT_CONVERSION = YES;
				GCC_WARN_ABOUT_RETURN_TYPE = YES_ERROR;
				GCC_WARN_UNDECLARED_SELECTOR = YES;
				GCC_WARN_UNINITIALIZED_AUTOS = YES_AGGRESSIVE;
				GCC_WARN_UNUSED_FUNCTION = YES;
				GCC_WARN_UNUSED_VARIABLE = YES;
				IPHONEOS_DEPLOYMENT_TARGET = 9.3;
				MTL_ENABLE_DEBUG_INFO = YES;
				ONLY_ACTIVE_ARCH = YES;
				SDKROOT = iphoneos;
				SWIFT_OPTIMIZATION_LEVEL = "-Onone";
			};
			name = Debug;
		};
		12D1A2471CB8BF5B00AE52BF /* Release */ = {
			isa = XCBuildConfiguration;
			buildSettings = {
				ALWAYS_SEARCH_USER_PATHS = NO;
				CLANG_ANALYZER_NONNULL = YES;
				CLANG_CXX_LANGUAGE_STANDARD = "gnu++0x";
				CLANG_CXX_LIBRARY = "libc++";
				CLANG_ENABLE_MODULES = YES;
				CLANG_ENABLE_OBJC_ARC = YES;
				CLANG_WARN_BOOL_CONVERSION = YES;
				CLANG_WARN_CONSTANT_CONVERSION = YES;
				CLANG_WARN_DIRECT_OBJC_ISA_USAGE = YES_ERROR;
				CLANG_WARN_EMPTY_BODY = YES;
				CLANG_WARN_ENUM_CONVERSION = YES;
				CLANG_WARN_INT_CONVERSION = YES;
				CLANG_WARN_OBJC_ROOT_CLASS = YES_ERROR;
				CLANG_WARN_UNREACHABLE_CODE = YES;
				CLANG_WARN__DUPLICATE_METHOD_MATCH = YES;
				"CODE_SIGN_IDENTITY[sdk=iphoneos*]" = "iPhone Developer";
				COPY_PHASE_STRIP = NO;
				DEBUG_INFORMATION_FORMAT = "dwarf-with-dsym";
				ENABLE_NS_ASSERTIONS = NO;
				ENABLE_STRICT_OBJC_MSGSEND = YES;
				GCC_C_LANGUAGE_STANDARD = gnu99;
				GCC_NO_COMMON_BLOCKS = YES;
				GCC_WARN_64_TO_32_BIT_CONVERSION = YES;
				GCC_WARN_ABOUT_RETURN_TYPE = YES_ERROR;
				GCC_WARN_UNDECLARED_SELECTOR = YES;
				GCC_WARN_UNINITIALIZED_AUTOS = YES_AGGRESSIVE;
				GCC_WARN_UNUSED_FUNCTION = YES;
				GCC_WARN_UNUSED_VARIABLE = YES;
				IPHONEOS_DEPLOYMENT_TARGET = 9.3;
				MTL_ENABLE_DEBUG_INFO = NO;
				SDKROOT = iphoneos;
				VALIDATE_PRODUCT = YES;
			};
			name = Release;
		};
		12D1A2491CB8BF5B00AE52BF /* Debug */ = {
			isa = XCBuildConfiguration;
			buildSettings = {
				ASSETCATALOG_COMPILER_APPICON_NAME = AppIcon;
				INFOPLIST_FILE = ChatUI/Info.plist;
				LD_RUNPATH_SEARCH_PATHS = "$(inherited) @executable_path/Frameworks";
				PRODUCT_BUNDLE_IDENTIFIER = inc.stamp.ChatUI;
				PRODUCT_NAME = "$(TARGET_NAME)";
			};
			name = Debug;
		};
		12D1A24A1CB8BF5B00AE52BF /* Release */ = {
			isa = XCBuildConfiguration;
			buildSettings = {
				ASSETCATALOG_COMPILER_APPICON_NAME = AppIcon;
				INFOPLIST_FILE = ChatUI/Info.plist;
				LD_RUNPATH_SEARCH_PATHS = "$(inherited) @executable_path/Frameworks";
				PRODUCT_BUNDLE_IDENTIFIER = inc.stamp.ChatUI;
				PRODUCT_NAME = "$(TARGET_NAME)";
			};
			name = Release;
		};
/* End XCBuildConfiguration section */

/* Begin XCConfigurationList section */
		12D1A2311CB8BF5B00AE52BF /* Build configuration list for PBXProject "ChatUI" */ = {
			isa = XCConfigurationList;
			buildConfigurations = (
				12D1A2461CB8BF5B00AE52BF /* Debug */,
				12D1A2471CB8BF5B00AE52BF /* Release */,
			);
			defaultConfigurationIsVisible = 0;
			defaultConfigurationName = Release;
		};
		12D1A2481CB8BF5B00AE52BF /* Build configuration list for PBXNativeTarget "ChatUI" */ = {
			isa = XCConfigurationList;
			buildConfigurations = (
				12D1A2491CB8BF5B00AE52BF /* Debug */,
				12D1A24A1CB8BF5B00AE52BF /* Release */,
			);
			defaultConfigurationIsVisible = 0;
		};
/* End XCConfigurationList section */
	};
	rootObject = 12D1A22E1CB8BF5B00AE52BF /* Project object */;
}
